
Microsoft Visual Studio Solution File, Format Version 12.00
# Visual Studio Version 17
VisualStudioVersion = 17.8.34525.116
MinimumVisualStudioVersion = 10.0.40219.1
Project("{9A19103F-16F7-4668-BE54-9A1E7A4F7556}") = "GrpcService", "GrpcService\GrpcService.csproj", "{2D3525C7-F951-449F-BE26-AD13D3554245}"
EndProject
Project("{FAE04EC0-301F-11D3-BF4B-00C04F79EFBC}") = "ClientGrpcWFA", "ClientGrpcWFA\ClientGrpcWFA.csproj", "{E50898D9-B443-44F4-A8D8-5F30E88BC777}"
EndProject
Global
	GlobalSection(SolutionConfigurationPlatforms) = preSolution
		Debug|Any CPU = Debug|Any CPU
		Release|Any CPU = Release|Any CPU
	EndGlobalSection
	GlobalSection(ProjectConfigurationPlatforms) = postSolution
		{2D3525C7-F951-449F-BE26-AD13D3554245}.Debug|Any CPU.ActiveCfg = Debug|Any CPU
		{2D3525C7-F951-449F-BE26-AD13D3554245}.Debug|Any CPU.Build.0 = Debug|Any CPU
		{2D3525C7-F951-449F-BE26-AD13D3554245}.Release|Any CPU.ActiveCfg = Release|Any CPU
		{2D3525C7-F951-449F-BE26-AD13D3554245}.Release|Any CPU.Build.0 = Release|Any CPU
		{E50898D9-B443-44F4-A8D8-5F30E88BC777}.Debug|Any CPU.ActiveCfg = Debug|Any CPU
		{E50898D9-B443-44F4-A8D8-5F30E88BC777}.Debug|Any CPU.Build.0 = Debug|Any CPU
		{E50898D9-B443-44F4-A8D8-5F30E88BC777}.Release|Any CPU.ActiveCfg = Release|Any CPU
		{E50898D9-B443-44F4-A8D8-5F30E88BC777}.Release|Any CPU.Build.0 = Release|Any CPU
	EndGlobalSection
	GlobalSection(SolutionProperties) = preSolution
		HideSolutionNode = FALSE
	EndGlobalSection
	GlobalSection(ExtensibilityGlobals) = postSolution
		SolutionGuid = {D1742842-047F-49EF-AB90-EB71B7E0A883}
	EndGlobalSection
EndGlobal
